{
  "nodes": {
    "doom-emacs": {
      "flake": false,
      "locked": {
        "lastModified": 1651775574,
        "narHash": "sha256-ux4bzsQJmSxscLrtLR5h2SbXGlt4mKS0B1ffzvO35Ng=",
        "owner": "hlissner",
        "repo": "doom-emacs",
        "rev": "80cd7557e147ccd0abef05ff4eafb93fe9545ad4",
        "type": "github"
      },
      "original": {
        "owner": "hlissner",
        "ref": "master",
        "repo": "doom-emacs",
        "type": "github"
      }
    },
    "doom-snippets": {
      "flake": false,
      "locked": {
        "lastModified": 1651709822,
        "narHash": "sha256-/PJwt5EuTuUwTD8fmt9vYye3PyPVF0Mrco+Ext0KEJ4=",
        "owner": "hlissner",
        "repo": "doom-snippets",
        "rev": "2596cead5e03896996b7268d057c1d734180547f",
        "type": "github"
      },
      "original": {
        "owner": "hlissner",
        "repo": "doom-snippets",
        "type": "github"
      }
    },
    "emacs-overlay": {
      "flake": false,
      "locked": {
        "lastModified": 1651724664,
        "narHash": "sha256-/Z0AkB2DAxMdOaFYBSkTPjHrMH2e3kReuLEtpLQZfk4=",
        "owner": "nix-community",
        "repo": "emacs-overlay",
        "rev": "1deb4d66be3117dd0d9dbf31fd458035e0f3c4de",
        "type": "github"
      },
      "original": {
        "owner": "nix-community",
        "repo": "emacs-overlay",
        "type": "github"
      }
    },
    "emacs-so-long": {
      "flake": false,
      "locked": {
        "lastModified": 1575031854,
        "narHash": "sha256-xIa5zO0ZaToDrec1OFjBK6l39AbA4l/CE4LInVu2hi0=",
        "owner": "hlissner",
        "repo": "emacs-so-long",
        "rev": "ed666b0716f60e8988c455804de24b55919e71ca",
        "type": "github"
      },
      "original": {
        "owner": "hlissner",
        "repo": "emacs-so-long",
        "type": "github"
      }
    },
    "evil-markdown": {
      "flake": false,
      "locked": {
        "lastModified": 1626852210,
        "narHash": "sha256-HBBuZ1VWIn6kwK5CtGIvHM1+9eiNiKPH0GUsyvpUVN8=",
        "owner": "Somelauw",
        "repo": "evil-markdown",
        "rev": "8e6cc68af83914b2fa9fd3a3b8472573dbcef477",
        "type": "github"
      },
      "original": {
        "owner": "Somelauw",
        "repo": "evil-markdown",
        "type": "github"
      }
    },
    "evil-org-mode": {
      "flake": false,
      "locked": {
        "lastModified": 1607203864,
        "narHash": "sha256-JxwqVYDN6OIJEH15MVI6XOZAPtUWUhJQWHyzcrUvrFg=",
        "owner": "hlissner",
        "repo": "evil-org-mode",
        "rev": "a9706da260c45b98601bcd72b1d2c0a24a017700",
        "type": "github"
      },
      "original": {
        "owner": "hlissner",
        "repo": "evil-org-mode",
        "type": "github"
      }
    },
    "evil-quick-diff": {
      "flake": false,
      "locked": {
        "lastModified": 1575189609,
        "narHash": "sha256-oGzl1ayW9rIuq0haoiFS7RZsS8NFMdEA7K1BSozgnJU=",
        "owner": "rgrinberg",
        "repo": "evil-quick-diff",
        "rev": "69c883720b30a892c63bc89f49d4f0e8b8028908",
        "type": "github"
      },
      "original": {
        "owner": "rgrinberg",
        "repo": "evil-quick-diff",
        "type": "github"
      }
    },
    "explain-pause-mode": {
      "flake": false,
      "locked": {
        "lastModified": 1595842060,
        "narHash": "sha256-++znrjiDSx+cy4okFBBXUBkRFdtnE2x+trkmqjB3Njs=",
        "owner": "lastquestion",
        "repo": "explain-pause-mode",
        "rev": "2356c8c3639cbeeb9751744dbe737267849b4b51",
        "type": "github"
      },
      "original": {
        "owner": "lastquestion",
        "repo": "explain-pause-mode",
        "type": "github"
      }
    },
    "flake-utils": {
      "locked": {
        "lastModified": 1649676176,
        "narHash": "sha256-OWKJratjt2RW151VUlJPRALb7OU2S5s+f0vLj4o1bHM=",
        "owner": "numtide",
        "repo": "flake-utils",
        "rev": "a4b154ebbdc88c8498a5c7b01589addc9e9cb678",
        "type": "github"
      },
      "original": {
        "owner": "numtide",
        "repo": "flake-utils",
        "type": "github"
      }
    },
    "format-all": {
      "flake": false,
      "locked": {
        "lastModified": 1581716637,
        "narHash": "sha256-ul7LCe60W8TIvUmUtZtZRo8489TK9iTPDsLHmzxY57M=",
        "owner": "lassik",
        "repo": "emacs-format-all-the-code",
        "rev": "47d862d40a088ca089c92cd393c6dca4628f87d3",
        "type": "github"
      },
      "original": {
        "owner": "lassik",
        "repo": "emacs-format-all-the-code",
        "rev": "47d862d40a088ca089c92cd393c6dca4628f87d3",
        "type": "github"
      }
    },
    "home-manager": {
      "inputs": {
        "nixpkgs": [
          "nixos"
        ]
      },
      "locked": {
        "lastModified": 1652804989,
        "narHash": "sha256-9MwJd0322sj/MUtDoMUQbC/iJOesTzOXJ2TzfYU8k4A=",
        "ref": "master",
        "rev": "8989a4a1f5ba5821391c4b48f5fdfbd01035f778",
        "revCount": 2129,
        "type": "git",
        "url": "file:///home/jon/Code/home-manager"
      },
      "original": {
        "type": "git",
        "url": "file:///home/jon/Code/home-manager"
      }
    },
    "nix-doom-emacs": {
      "inputs": {
        "doom-emacs": "doom-emacs",
        "doom-snippets": "doom-snippets",
        "emacs-overlay": "emacs-overlay",
        "emacs-so-long": "emacs-so-long",
        "evil-markdown": "evil-markdown",
        "evil-org-mode": "evil-org-mode",
        "evil-quick-diff": "evil-quick-diff",
        "explain-pause-mode": "explain-pause-mode",
        "flake-utils": "flake-utils",
        "format-all": "format-all",
        "nix-straight": "nix-straight",
        "nixpkgs": "nixpkgs",
        "nose": "nose",
        "ob-racket": "ob-racket",
        "org": "org",
        "org-contrib": "org-contrib",
        "org-yt": "org-yt",
        "php-extras": "php-extras",
        "revealjs": "revealjs",
        "rotate-text": "rotate-text"
      },
      "locked": {
        "lastModified": 1652175409,
        "narHash": "sha256-8EStP60lqDmVyeRJ9zdH64oAOHAPBlPa8oYqquVrw5Q=",
        "owner": "nix-community",
        "repo": "nix-doom-emacs",
        "rev": "edbe868dd5f8bf447eaffd4cff85167d0771ce0f",
        "type": "github"
      },
      "original": {
        "owner": "nix-community",
        "repo": "nix-doom-emacs",
        "type": "github"
      }
    },
    "nix-straight": {
      "flake": false,
      "locked": {
        "lastModified": 1643475817,
        "narHash": "sha256-NpExq5nbPbj/ppkBX3SnETEJuOne1MKJxen8vVHsDFg=",
        "owner": "nix-community",
        "repo": "nix-straight.el",
        "rev": "08d75e5651cb52f8a07e03408ed19e04bee07505",
        "type": "github"
      },
      "original": {
        "owner": "nix-community",
        "repo": "nix-straight.el",
        "type": "github"
      }
    },
    "nixos": {
      "locked": {
        "lastModified": 1652659998,
        "narHash": "sha256-FqNrXC1EE6U2RACwXBlsAvg1lqQGLYpuYb6+W3DL9vA=",
        "owner": "NixOS",
        "repo": "nixpkgs",
        "rev": "1d7db1b9e4cf1ee075a9f52e5c36f7b9f4207502",
        "type": "github"
      },
      "original": {
        "id": "nixpkgs",
        "ref": "nixos-unstable",
        "type": "indirect"
      }
    },
    "nixos-hardware": {
      "locked": {
        "lastModified": 1650522846,
        "narHash": "sha256-SxWHXRI3qJwswyXAtzsi6PKVY3KLNNnb072KaJthII8=",
        "owner": "NixOS",
        "repo": "nixos-hardware",
        "rev": "6b4ebea9093c997c5f275c820e679108de4871ab",
        "type": "github"
      },
      "original": {
        "owner": "NixOS",
        "ref": "master",
        "repo": "nixos-hardware",
        "type": "github"
      }
    },
    "nixpkgs": {
      "locked": {
        "lastModified": 1651779476,
        "narHash": "sha256-wPXzrSdad3qocoz2t375Gtm/2sh2+e2A/Iqsc9+oiF4=",
        "owner": "NixOS",
        "repo": "nixpkgs",
        "rev": "020b061a1aef9e678770295f86b1f58007e284eb",
        "type": "github"
      },
      "original": {
        "id": "nixpkgs",
        "ref": "nixpkgs-unstable",
        "type": "indirect"
      }
    },
    "nose": {
      "flake": false,
      "locked": {
        "lastModified": 1400604510,
        "narHash": "sha256-daEi8Kta1oGaDEmUUDDQMahTTPOpvNpDKk22rlr7cB0=",
        "owner": "emacsattic",
        "repo": "nose",
        "rev": "f8528297519eba911696c4e68fa88892de9a7b72",
        "type": "github"
      },
      "original": {
        "owner": "emacsattic",
        "repo": "nose",
        "type": "github"
      }
    },
    "ob-racket": {
      "flake": false,
      "locked": {
        "lastModified": 1584656173,
        "narHash": "sha256-rBUYDDCXb+3D4xTPQo9UocbTPZ32kWV1Uya/1DmZknU=",
        "owner": "xchrishawk",
        "repo": "ob-racket",
        "rev": "83457ec9e1e96a29fd2086ed19432b9d75787673",
        "type": "github"
      },
      "original": {
        "owner": "xchrishawk",
        "repo": "ob-racket",
        "type": "github"
      }
    },
    "org": {
      "flake": false,
      "locked": {
        "lastModified": 1651675049,
        "narHash": "sha256-lReN2q3o6CUDT8dDsj+LZ4ptzG9E2PwNv5JWWb5D5B4=",
        "owner": "emacs-straight",
        "repo": "org-mode",
        "rev": "d2a459d2596a0cfb1389207b117533389fa59e0f",
        "type": "github"
      },
      "original": {
        "owner": "emacs-straight",
        "repo": "org-mode",
        "type": "github"
      }
    },
    "org-contrib": {
      "flake": false,
      "locked": {
        "lastModified": 1639727892,
        "narHash": "sha256-+T6Y87aSAx7kMpigm8d1ODDQIyPBM6a+4qGolXjCEXs=",
        "ref": "master",
        "rev": "5766ff1088191e4df5fecd55007ba4271e609bcc",
        "revCount": 2611,
        "type": "git",
        "url": "https://git.sr.ht/~bzg/org-contrib"
      },
      "original": {
        "type": "git",
        "url": "https://git.sr.ht/~bzg/org-contrib"
      }
    },
    "org-yt": {
      "flake": false,
      "locked": {
        "lastModified": 1527381913,
        "narHash": "sha256-dzQ6B7ryzatHCTLyEnRSbWO0VUiX/FHYnpHTs74aVUs=",
        "owner": "TobiasZawada",
        "repo": "org-yt",
        "rev": "40cc1ac76d741055cbefa13860d9f070a7ade001",
        "type": "github"
      },
      "original": {
        "owner": "TobiasZawada",
        "repo": "org-yt",
        "type": "github"
      }
    },
    "php-extras": {
      "flake": false,
      "locked": {
        "lastModified": 1573312690,
        "narHash": "sha256-r4WyVbzvT0ra4Z6JywNBOw5RxOEYd6Qe2IpebHXkj1U=",
        "owner": "arnested",
        "repo": "php-extras",
        "rev": "d410c5af663c30c01d461ac476d1cbfbacb49367",
        "type": "github"
      },
      "original": {
        "owner": "arnested",
        "repo": "php-extras",
        "type": "github"
      }
    },
    "revealjs": {
      "flake": false,
      "locked": {
        "lastModified": 1651495761,
        "narHash": "sha256-B3L8h0CyYgZCen8aWyLiDXHZMugXAzFToLJNg8f2PWU=",
        "owner": "hakimel",
        "repo": "reveal.js",
        "rev": "0ca389721c5c7eff5db6f67159cbb1cdd51a3d7f",
        "type": "github"
      },
      "original": {
        "owner": "hakimel",
        "repo": "reveal.js",
        "type": "github"
      }
    },
    "root": {
      "inputs": {
        "home-manager": "home-manager",
        "nix-doom-emacs": "nix-doom-emacs",
        "nixos": "nixos",
        "nixos-hardware": "nixos-hardware"
      }
    },
    "rotate-text": {
      "flake": false,
      "locked": {
        "lastModified": 1322962747,
        "narHash": "sha256-SOeOgSlcEIsKhUiYDJv0p+mLUb420s9E2BmvZQvZ0wk=",
        "owner": "debug-ito",
        "repo": "rotate-text.el",
        "rev": "48f193697db996855aee1ad2bc99b38c6646fe76",
        "type": "github"
      },
      "original": {
        "owner": "debug-ito",
        "repo": "rotate-text.el",
        "type": "github"
      }
    }
  },
  "root": "root",
  "version": 7
}
