{
  "nodes": {
    "home-manager": {
      "inputs": {
        "nixpkgs": [
          "nixos"
        ]
      },
      "locked": {
        "lastModified": 1654014736,
        "narHash": "sha256-wlWg+lA3ghw+zvSPBcxx7UVMXslgLj6CknuOWbPaSAU=",
        "type": "git",
        "url": "file:///home/jon/Code/home-manager"
      },
      "original": {
        "type": "git",
        "url": "file:///home/jon/Code/home-manager"
      }
    },
    "nixos": {
      "locked": {
        "lastModified": 1659077768,
        "narHash": "sha256-P0XIHBVty6WIuIrk2DZNvLcYev9956y1prT4zL212H8=",
        "owner": "NixOS",
        "repo": "nixpkgs",
        "rev": "2a93ea177c3d7700b934bf95adfe00c435f696b8",
        "type": "github"
      },
      "original": {
        "id": "nixpkgs",
        "ref": "nixos-unstable",
        "type": "indirect"
      }
    },
    "nixos-hardware": {
      "locked": {
        "lastModified": 1658401027,
        "narHash": "sha256-z/sDfzsFOoWNO9nZGfxDCNjHqXvSVZLDBDSgzr9qDXE=",
        "owner": "NixOS",
        "repo": "nixos-hardware",
        "rev": "83009edccc2e24afe3d0165ed98b60ff7471a5f8",
        "type": "github"
      },
      "original": {
        "id": "nixos-hardware",
        "type": "indirect"
      }
    },
    "root": {
      "inputs": {
        "home-manager": "home-manager",
        "nixos": "nixos",
        "nixos-hardware": "nixos-hardware"
      }
    }
  },
  "root": "root",
  "version": 7
}
